{
    "_readme": [
        "This file locks the dependencies of your project to a known state",
        "Read more about it at https://getcomposer.org/doc/01-basic-usage.md#installing-dependencies",
        "This file is @generated automatically"
    ],
    "content-hash": "90a83f0d17cecaa717a72ff9ce798e5b",
    "packages": [
        {
            "name": "massfice/action",
            "version": "v1.0.8",
            "source": {
                "type": "git",
                "url": "https://github.com/Massfice/action.git",
                "reference": "f4ad0f3ae12d575d838c6035eff30c558776284d"
            },
            "dist": {
                "type": "zip",
                "url": "https://api.github.com/repos/Massfice/action/zipball/f4ad0f3ae12d575d838c6035eff30c558776284d",
                "reference": "f4ad0f3ae12d575d838c6035eff30c558776284d",
                "shasum": ""
            },
            "require": {
                "massfice/response-status": "^v1.0"
            },
            "type": "library",
            "autoload": {
                "psr-4": {
                    "Massfice\\Action\\": "src/"
                }
            },
            "notification-url": "https://packagist.org/downloads/",
            "license": [
                "MIT"
            ],
            "authors": [
                {
                    "name": "Massfice",
                    "email": "adrian.marian.tomasz.larysz@gmail.com"
                }
            ],
            "description": "This package contains action interfaces and factiories. This is for my diploma project.",
            "time": "2020-02-20T05:24:08+00:00"
        },
        {
            "name": "massfice/action-executor",
            "version": "v1.0.3",
            "source": {
                "type": "git",
                "url": "https://github.com/Massfice/action-executor.git",
                "reference": "19d8a79bd97c4e47f93587da599c7299977035e3"
            },
            "dist": {
                "type": "zip",
                "url": "https://api.github.com/repos/Massfice/action-executor/zipball/19d8a79bd97c4e47f93587da599c7299977035e3",
                "reference": "19d8a79bd97c4e47f93587da599c7299977035e3",
                "shasum": ""
            },
            "require": {
                "massfice/action": "^v1.0",
                "massfice/response-status": "^v1.0"
            },
            "type": "library",
            "autoload": {
                "psr-4": {
                    "Massfice\\ActionExecutor\\": "src/"
                }
            },
            "notification-url": "https://packagist.org/downloads/",
            "license": [
                "MIT"
            ],
            "authors": [
                {
                    "name": "Massfice",
                    "email": "adrian.marian.tomasz.larysz@gmail.com"
                }
            ],
            "description": "Action executors for my diploma project.",
            "time": "2020-02-20T05:27:01+00:00"
        },
        {
            "name": "massfice/action-manager",
            "version": "v1.0.6",
            "source": {
                "type": "git",
                "url": "https://github.com/Massfice/action-manager.git",
                "reference": "961ac26454416ab7466056278281a730f149273b"
            },
            "dist": {
                "type": "zip",
                "url": "https://api.github.com/repos/Massfice/action-manager/zipball/961ac26454416ab7466056278281a730f149273b",
                "reference": "961ac26454416ab7466056278281a730f149273b",
                "shasum": ""
            },
            "require": {
                "massfice/action": "^v1.0.1",
                "massfice/action-executor": "^v1.0",
                "massfice/response-status": "^v1.0"
            },
            "type": "library",
            "autoload": {
                "psr-4": {
                    "Massfice\\ActionManager\\": "src/"
                }
            },
            "notification-url": "https://packagist.org/downloads/",
            "license": [
                "MIT"
            ],
            "authors": [
                {
                    "name": "Massfice",
                    "email": "adrian.marian.tomasz.larysz@gmail.com"
                }
            ],
            "description": "Managers for my actions and related factory. It is for my diploma project.",
            "time": "2020-02-20T05:30:05+00:00"
        },
        {
            "name": "massfice/clean-url",
            "version": "v1.0.1",
            "source": {
                "type": "git",
                "url": "https://github.com/Massfice/clean-url.git",
                "reference": "8e91132f30e80cf46660a9af178cf1c463892a89"
            },
            "dist": {
                "type": "zip",
                "url": "https://api.github.com/repos/Massfice/clean-url/zipball/8e91132f30e80cf46660a9af178cf1c463892a89",
                "reference": "8e91132f30e80cf46660a9af178cf1c463892a89",
                "shasum": ""
            },
            "type": "libarary",
            "autoload": {
                "psr-4": {
                    "Massfice\\CleanUrl\\": "src/"
                }
            },
            "notification-url": "https://packagist.org/downloads/",
            "license": [
                "MIT"
            ],
            "authors": [
                {
                    "name": "Massfice",
                    "email": "adrian.marian.tomasz.larysz@gmail.com"
                }
            ],
            "description": "Class that handle clean urls, action, type, etc. To use this class, you have to properly configure .htaccess file. This is for my diploma project.",
            "time": "2020-01-25T20:35:35+00:00"
        },
        {
            "name": "massfice/response-status",
            "version": "v1.0.4",
            "source": {
                "type": "git",
                "url": "https://github.com/Massfice/response-status.git",
                "reference": "fa010710117a7fa44a2eb39bc24254d875a0c799"
            },
            "dist": {
                "type": "zip",
                "url": "https://api.github.com/repos/Massfice/response-status/zipball/fa010710117a7fa44a2eb39bc24254d875a0c799",
                "reference": "fa010710117a7fa44a2eb39bc24254d875a0c799",
                "shasum": ""
            },
            "type": "library",
            "autoload": {
                "psr-4": {
                    "Massfice\\ResponseStatus\\": "src/"
                }
            },
            "notification-url": "https://packagist.org/downloads/",
            "license": [
                "MIT"
            ],
            "authors": [
                {
                    "name": "Massfice",
                    "email": "adrian.marian.tomasz.larysz@gmail.com"
                }
            ],
            "description": "Package contains response-status class, that contains info about validation status, response http code, errors array, messages, etc. Project for my diploma.",
            "time": "2020-02-20T05:19:53+00:00"
        },
        {
            "name": "massfice/service",
            "version": "v1.0.3",
            "source": {
                "type": "git",
                "url": "https://github.com/Massfice/service.git",
                "reference": "4f0f606be5744ab559c378b112fae85f3cfce424"
            },
            "dist": {
                "type": "zip",
                "url": "https://api.github.com/repos/Massfice/service/zipball/4f0f606be5744ab559c378b112fae85f3cfce424",
                "reference": "4f0f606be5744ab559c378b112fae85f3cfce424",
                "shasum": ""
            },
            "type": "library",
            "autoload": {
                "psr-4": {
                    "Massfice\\Service\\": "src/"
                }
            },
            "notification-url": "https://packagist.org/downloads/",
            "license": [
                "MIT"
            ],
            "authors": [
                {
                    "name": "Massfice",
                    "email": "adrian.marian.tomasz.larysz@gmail.com"
                }
            ],
            "description": "Services package for my diploma project.",
            "time": "2020-02-19T05:52:46+00:00"
        },
        {
            "name": "massfice/view",
            "version": "v1.0.0",
            "source": {
                "type": "git",
                "url": "https://github.com/Massfice/view.git",
                "reference": "e0972658068d8acd7c253026b9ad46cded4450ae"
            },
            "dist": {
                "type": "zip",
                "url": "https://api.github.com/repos/Massfice/view/zipball/e0972658068d8acd7c253026b9ad46cded4450ae",
                "reference": "e0972658068d8acd7c253026b9ad46cded4450ae",
                "shasum": ""
            },
            "require": {
                "smarty/smarty": "^3.1"
            },
            "type": "library",
            "autoload": {
                "psr-4": {
                    "Massfice\\View\\": "src/"
                }
            },
            "notification-url": "https://packagist.org/downloads/",
            "license": [
                "MIT"
            ],
            "authors": [
                {
                    "name": "Massfice",
                    "email": "adrian.marian.tomasz.larysz@gmail.com"
                }
            ],
            "description": "Wrapper for Smarty library. It's for my diploma project.",
            "time": "2020-01-25T21:12:12+00:00"
        },
        {
            "name": "smarty/smarty",
            "version": "v3.1.47",
            "source": {
                "type": "git",
                "url": "https://github.com/smarty-php/smarty.git",
                "reference": "a09364fe1706cb465e910eb040e592053d7effb8"
            },
            "dist": {
                "type": "zip",
                "url": "https://api.github.com/repos/smarty-php/smarty/zipball/a09364fe1706cb465e910eb040e592053d7effb8",
                "reference": "a09364fe1706cb465e910eb040e592053d7effb8",
                "shasum": ""
            },
            "require": {
                "php": "^5.2 || ^7.0"
            },
            "require-dev": {
                "phpunit/phpunit": "^7.5 || ^6.5 || ^5.7 || ^4.8",
                "smarty/smarty-lexer": "^3.1"
            },
            "type": "library",
            "extra": {
                "branch-alias": {
                    "dev-master": "3.1.x-dev"
                }
            },
            "autoload": {
                "classmap": [
                    "libs/"
                ]
            },
            "notification-url": "https://packagist.org/downloads/",
            "license": [
                "LGPL-3.0"
            ],
            "authors": [
                {
                    "name": "Monte Ohrt",
                    "email": "monte@ohrt.com"
                },
                {
                    "name": "Uwe Tews",
                    "email": "uwe.tews@googlemail.com"
                },
                {
                    "name": "Rodney Rehm",
                    "email": "rodney.rehm@medialize.de"
                }
            ],
            "description": "Smarty - the compiling PHP template engine",
            "homepage": "http://www.smarty.net",
            "keywords": [
                "templating"
            ],
            "support": {
                "forum": "http://www.smarty.net/forums/",
                "irc": "irc://irc.freenode.org/smarty",
                "issues": "https://github.com/smarty-php/smarty/issues",
                "source": "https://github.com/smarty-php/smarty/tree/v3.1.47"
            },
            "time": "2022-09-14T11:29:00+00:00"
        }
    ],
    "packages-dev": [],
    "aliases": [],
    "minimum-stability": "stable",
    "stability-flags": [],
    "prefer-stable": false,
    "prefer-lowest": false,
    "platform": [],
    "platform-dev": [],
    "plugin-api-version": "2.3.0"
}
